
Microsoft Visual Studio Solution File, Format Version 12.00
# Visual Studio Version 16
VisualStudioVersion = 16.0.29613.14
MinimumVisualStudioVersion = 10.0.40219.1
Project("{FAE04EC0-301F-11D3-BF4B-00C04F79EFBC}") = "api-img-generator", "api-img-generator\api-img-generator.csproj", "{7DEB42AD-20BE-45A2-92C8-53BEF7A5E7D6}"
EndProject
Project("{FAE04EC0-301F-11D3-BF4B-00C04F79EFBC}") = "ws-formato", "..\ws-formato\ws-formato\ws-formato\ws-formato.csproj", "{AB52A0BE-71AD-4A8F-BA89-0C0F992CF66A}"
EndProject
Global
	GlobalSection(SolutionConfigurationPlatforms) = preSolution
		Debug|Any CPU = Debug|Any CPU
		Release|Any CPU = Release|Any CPU
	EndGlobalSection
	GlobalSection(ProjectConfigurationPlatforms) = postSolution
		{7DEB42AD-20BE-45A2-92C8-53BEF7A5E7D6}.Debug|Any CPU.ActiveCfg = Debug|Any CPU
		{7DEB42AD-20BE-45A2-92C8-53BEF7A5E7D6}.Debug|Any CPU.Build.0 = Debug|Any CPU
		{7DEB42AD-20BE-45A2-92C8-53BEF7A5E7D6}.Release|Any CPU.ActiveCfg = Release|Any CPU
		{7DEB42AD-20BE-45A2-92C8-53BEF7A5E7D6}.Release|Any CPU.Build.0 = Release|Any CPU
		{AB52A0BE-71AD-4A8F-BA89-0C0F992CF66A}.Debug|Any CPU.ActiveCfg = Debug|Any CPU
		{AB52A0BE-71AD-4A8F-BA89-0C0F992CF66A}.Debug|Any CPU.Build.0 = Debug|Any CPU
		{AB52A0BE-71AD-4A8F-BA89-0C0F992CF66A}.Release|Any CPU.ActiveCfg = Release|Any CPU
		{AB52A0BE-71AD-4A8F-BA89-0C0F992CF66A}.Release|Any CPU.Build.0 = Release|Any CPU
	EndGlobalSection
	GlobalSection(SolutionProperties) = preSolution
		HideSolutionNode = FALSE
	EndGlobalSection
	GlobalSection(ExtensibilityGlobals) = postSolution
		SolutionGuid = {725A6646-F11D-4284-A3F9-68B55E373B20}
	EndGlobalSection
EndGlobal
